// !$*UTF8*$!
{
	archiveVersion = 1;
	classes = {
	};
	objectVersion = 46;
	objects = {

/* Begin PBXBuildFile section */
		D8125B1B1E31F07400FE210A /* UIColor+CrossFade.m in Sources */ = {isa = PBXBuildFile; fileRef = D8125B1A1E31F07400FE210A /* UIColor+CrossFade.m */; };
		D8125B1D1E31F1FD00FE210A /* ThirdController.swift in Sources */ = {isa = PBXBuildFile; fileRef = D8125B1C1E31F1FD00FE210A /* ThirdController.swift */; };
		D8125B1F1E31FE3800FE210A /* FourthController.swift in Sources */ = {isa = PBXBuildFile; fileRef = D8125B1E1E31FE3800FE210A /* FourthController.swift */; };
		D8D6C3B31E30BA1E00F60208 /* AppDelegate.swift in Sources */ = {isa = PBXBuildFile; fileRef = D8D6C3B21E30BA1E00F60208 /* AppDelegate.swift */; };
		D8D6C3B51E30BA1E00F60208 /* ViewController.swift in Sources */ = {isa = PBXBuildFile; fileRef = D8D6C3B41E30BA1E00F60208 /* ViewController.swift */; };
		D8D6C3B81E30BA1E00F60208 /* Main.storyboard in Resources */ = {isa = PBXBuildFile; fileRef = D8D6C3B61E30BA1E00F60208 /* Main.storyboard */; };
		D8D6C3BA1E30BA1E00F60208 /* Assets.xcassets in Resources */ = {isa = PBXBuildFile; fileRef = D8D6C3B91E30BA1E00F60208 /* Assets.xcassets */; };
		D8D6C3BD1E30BA1E00F60208 /* LaunchScreen.storyboard in Resources */ = {isa = PBXBuildFile; fileRef = D8D6C3BB1E30BA1E00F60208 /* LaunchScreen.storyboard */; };
		D8D6C3C81E30BA1E00F60208 /* VGParallaxHeaderUITests.swift in Sources */ = {isa = PBXBuildFile; fileRef = D8D6C3C71E30BA1E00F60208 /* VGParallaxHeaderUITests.swift */; };
		D8D6C3D41E30BA3600F60208 /* VGParallaxHeader.swift in Sources */ = {isa = PBXBuildFile; fileRef = D8D6C3D31E30BA3600F60208 /* VGParallaxHeader.swift */; };
		D8D6C3D81E30BAA900F60208 /* PureLayout.framework in Frameworks */ = {isa = PBXBuildFile; fileRef = D8D6C3D61E30BAA100F60208 /* PureLayout.framework */; };
		D8D6C3D91E30BAA900F60208 /* PureLayout.framework in Embed Frameworks */ = {isa = PBXBuildFile; fileRef = D8D6C3D61E30BAA100F60208 /* PureLayout.framework */; settings = {ATTRIBUTES = (CodeSignOnCopy, RemoveHeadersOnCopy, ); }; };
		D8F48CAC1E30C063006206CC /* ArrayDataSource.swift in Sources */ = {isa = PBXBuildFile; fileRef = D8F48CAB1E30C063006206CC /* ArrayDataSource.swift */; };
		D8F48CAE1E31E32C006206CC /* SecondController.swift in Sources */ = {isa = PBXBuildFile; fileRef = D8F48CAD1E31E32C006206CC /* SecondController.swift */; };
		D8F48CB01E31E47A006206CC /* HeaderView.swift in Sources */ = {isa = PBXBuildFile; fileRef = D8F48CAF1E31E47A006206CC /* HeaderView.swift */; };
/* End PBXBuildFile section */

/* Begin PBXContainerItemProxy section */
		D8D6C3C41E30BA1E00F60208 /* PBXContainerItemProxy */ = {
			isa = PBXContainerItemProxy;
			containerPortal = D8D6C3A71E30BA1E00F60208 /* Project object */;
			proxyType = 1;
			remoteGlobalIDString = D8D6C3AE1E30BA1E00F60208;
			remoteInfo = VGParallaxHeader;
		};
/* End PBXContainerItemProxy section */

/* Begin PBXCopyFilesBuildPhase section */
		D8D6C3DA1E30BAA900F60208 /* Embed Frameworks */ = {
			isa = PBXCopyFilesBuildPhase;
			buildActionMask = 2147483647;
			dstPath = "";
			dstSubfolderSpec = 10;
			files = (
				D8D6C3D91E30BAA900F60208 /* PureLayout.framework in Embed Frameworks */,
			);
			name = "Embed Frameworks";
			runOnlyForDeploymentPostprocessing = 0;
		};
/* End PBXCopyFilesBuildPhase section */

/* Begin PBXFileReference section */
		D8125B191E31F07400FE210A /* UIColor+CrossFade.h */ = {isa = PBXFileReference; fileEncoding = 4; lastKnownFileType = sourcecode.c.h; path = "UIColor+CrossFade.h"; sourceTree = "<group>"; };
		D8125B1A1E31F07400FE210A /* UIColor+CrossFade.m */ = {isa = PBXFileReference; fileEncoding = 4; lastKnownFileType = sourcecode.c.objc; path = "UIColor+CrossFade.m"; sourceTree = "<group>"; };
		D8125B1C1E31F1FD00FE210A /* ThirdController.swift */ = {isa = PBXFileReference; fileEncoding = 4; lastKnownFileType = sourcecode.swift; path = ThirdController.swift; sourceTree = "<group>"; };
		D8125B1E1E31FE3800FE210A /* FourthController.swift */ = {isa = PBXFileReference; fileEncoding = 4; lastKnownFileType = sourcecode.swift; path = FourthController.swift; sourceTree = "<group>"; };
		D8D6C3AF1E30BA1E00F60208 /* VGParallaxHeader.app */ = {isa = PBXFileReference; explicitFileType = wrapper.application; includeInIndex = 0; path = VGParallaxHeader.app; sourceTree = BUILT_PRODUCTS_DIR; };
		D8D6C3B21E30BA1E00F60208 /* AppDelegate.swift */ = {isa = PBXFileReference; lastKnownFileType = sourcecode.swift; path = AppDelegate.swift; sourceTree = "<group>"; };
		D8D6C3B41E30BA1E00F60208 /* ViewController.swift */ = {isa = PBXFileReference; lastKnownFileType = sourcecode.swift; path = ViewController.swift; sourceTree = "<group>"; };
		D8D6C3B71E30BA1E00F60208 /* Base */ = {isa = PBXFileReference; lastKnownFileType = file.storyboard; name = Base; path = Base.lproj/Main.storyboard; sourceTree = "<group>"; };
		D8D6C3B91E30BA1E00F60208 /* Assets.xcassets */ = {isa = PBXFileReference; lastKnownFileType = folder.assetcatalog; path = Assets.xcassets; sourceTree = "<group>"; };
		D8D6C3BC1E30BA1E00F60208 /* Base */ = {isa = PBXFileReference; lastKnownFileType = file.storyboard; name = Base; path = Base.lproj/LaunchScreen.storyboard; sourceTree = "<group>"; };
		D8D6C3BE1E30BA1E00F60208 /* Info.plist */ = {isa = PBXFileReference; lastKnownFileType = text.plist.xml; path = Info.plist; sourceTree = "<group>"; };
		D8D6C3C31E30BA1E00F60208 /* VGParallaxHeaderUITests.xctest */ = {isa = PBXFileReference; explicitFileType = wrapper.cfbundle; includeInIndex = 0; path = VGParallaxHeaderUITests.xctest; sourceTree = BUILT_PRODUCTS_DIR; };
		D8D6C3C71E30BA1E00F60208 /* VGParallaxHeaderUITests.swift */ = {isa = PBXFileReference; lastKnownFileType = sourcecode.swift; path = VGParallaxHeaderUITests.swift; sourceTree = "<group>"; };
		D8D6C3C91E30BA1E00F60208 /* Info.plist */ = {isa = PBXFileReference; lastKnownFileType = text.plist.xml; path = Info.plist; sourceTree = "<group>"; };
		D8D6C3D31E30BA3600F60208 /* VGParallaxHeader.swift */ = {isa = PBXFileReference; fileEncoding = 4; lastKnownFileType = sourcecode.swift; path = VGParallaxHeader.swift; sourceTree = "<group>"; };
		D8D6C3D61E30BAA100F60208 /* PureLayout.framework */ = {isa = PBXFileReference; lastKnownFileType = wrapper.framework; name = PureLayout.framework; path = Carthage/Build/iOS/PureLayout.framework; sourceTree = "<group>"; };
		D8F48CAB1E30C063006206CC /* ArrayDataSource.swift */ = {isa = PBXFileReference; fileEncoding = 4; lastKnownFileType = sourcecode.swift; path = ArrayDataSource.swift; sourceTree = "<group>"; };
		D8F48CAD1E31E32C006206CC /* SecondController.swift */ = {isa = PBXFileReference; fileEncoding = 4; lastKnownFileType = sourcecode.swift; path = SecondController.swift; sourceTree = SOURCE_ROOT; };
		D8F48CAF1E31E47A006206CC /* HeaderView.swift */ = {isa = PBXFileReference; fileEncoding = 4; lastKnownFileType = sourcecode.swift; path = HeaderView.swift; sourceTree = "<group>"; };
		D8F48CB31E31E737006206CC /* Bridging.h */ = {isa = PBXFileReference; lastKnownFileType = sourcecode.c.h; path = Bridging.h; sourceTree = "<group>"; };
/* End PBXFileReference section */

/* Begin PBXFrameworksBuildPhase section */
		D8D6C3AC1E30BA1E00F60208 /* Frameworks */ = {
			isa = PBXFrameworksBuildPhase;
			buildActionMask = 2147483647;
			files = (
				D8D6C3D81E30BAA900F60208 /* PureLayout.framework in Frameworks */,
			);
			runOnlyForDeploymentPostprocessing = 0;
		};
		D8D6C3C01E30BA1E00F60208 /* Frameworks */ = {
			isa = PBXFrameworksBuildPhase;
			buildActionMask = 2147483647;
			files = (
			);
			runOnlyForDeploymentPostprocessing = 0;
		};
/* End PBXFrameworksBuildPhase section */

/* Begin PBXGroup section */
		D8D6C3A61E30BA1E00F60208 = {
			isa = PBXGroup;
			children = (
				D8D6C3B11E30BA1E00F60208 /* VGParallaxHeader */,
				D8D6C3C61E30BA1E00F60208 /* VGParallaxHeaderUITests */,
				D8D6C3B01E30BA1E00F60208 /* Products */,
				D8D6C3D51E30BAA000F60208 /* Frameworks */,
			);
			sourceTree = "<group>";
		};
		D8D6C3B01E30BA1E00F60208 /* Products */ = {
			isa = PBXGroup;
			children = (
				D8D6C3AF1E30BA1E00F60208 /* VGParallaxHeader.app */,
				D8D6C3C31E30BA1E00F60208 /* VGParallaxHeaderUITests.xctest */,
			);
			name = Products;
			sourceTree = "<group>";
		};
		D8D6C3B11E30BA1E00F60208 /* VGParallaxHeader */ = {
			isa = PBXGroup;
			children = (
				D8125B191E31F07400FE210A /* UIColor+CrossFade.h */,
				D8125B1A1E31F07400FE210A /* UIColor+CrossFade.m */,
				D8F48CAB1E30C063006206CC /* ArrayDataSource.swift */,
				D8D6C3D21E30BA3600F60208 /* Classes */,
				D8D6C3B21E30BA1E00F60208 /* AppDelegate.swift */,
				D8D6C3B41E30BA1E00F60208 /* ViewController.swift */,
				D8D6C3B61E30BA1E00F60208 /* Main.storyboard */,
				D8D6C3B91E30BA1E00F60208 /* Assets.xcassets */,
				D8D6C3BB1E30BA1E00F60208 /* LaunchScreen.storyboard */,
				D8D6C3BE1E30BA1E00F60208 /* Info.plist */,
				D8F48CAD1E31E32C006206CC /* SecondController.swift */,
				D8F48CAF1E31E47A006206CC /* HeaderView.swift */,
				D8F48CB31E31E737006206CC /* Bridging.h */,
				D8125B1C1E31F1FD00FE210A /* ThirdController.swift */,
				D8125B1E1E31FE3800FE210A /* FourthController.swift */,
			);
			path = VGParallaxHeader;
			sourceTree = "<group>";
		};
		D8D6C3C61E30BA1E00F60208 /* VGParallaxHeaderUITests */ = {
			isa = PBXGroup;
			children = (
				D8D6C3C71E30BA1E00F60208 /* VGParallaxHeaderUITests.swift */,
				D8D6C3C91E30BA1E00F60208 /* Info.plist */,
			);
			path = VGParallaxHeaderUITests;
			sourceTree = "<group>";
		};
		D8D6C3D21E30BA3600F60208 /* Classes */ = {
			isa = PBXGroup;
			children = (
				D8D6C3D31E30BA3600F60208 /* VGParallaxHeader.swift */,
			);
			path = Classes;
			sourceTree = "<group>";
		};
		D8D6C3D51E30BAA000F60208 /* Frameworks */ = {
			isa = PBXGroup;
			children = (
				D8D6C3D61E30BAA100F60208 /* PureLayout.framework */,
			);
			name = Frameworks;
			sourceTree = "<group>";
		};
/* End PBXGroup section */

/* Begin PBXNativeTarget section */
		D8D6C3AE1E30BA1E00F60208 /* VGParallaxHeader */ = {
			isa = PBXNativeTarget;
			buildConfigurationList = D8D6C3CC1E30BA1E00F60208 /* Build configuration list for PBXNativeTarget "VGParallaxHeader" */;
			buildPhases = (
				D8D6C3AB1E30BA1E00F60208 /* Sources */,
				D8D6C3AC1E30BA1E00F60208 /* Frameworks */,
				D8D6C3AD1E30BA1E00F60208 /* Resources */,
				D8D6C3DA1E30BAA900F60208 /* Embed Frameworks */,
			);
			buildRules = (
			);
			dependencies = (
			);
			name = VGParallaxHeader;
			productName = VGParallaxHeader;
			productReference = D8D6C3AF1E30BA1E00F60208 /* VGParallaxHeader.app */;
			productType = "com.apple.product-type.application";
		};
		D8D6C3C21E30BA1E00F60208 /* VGParallaxHeaderUITests */ = {
			isa = PBXNativeTarget;
			buildConfigurationList = D8D6C3CF1E30BA1E00F60208 /* Build configuration list for PBXNativeTarget "VGParallaxHeaderUITests" */;
			buildPhases = (
				D8D6C3BF1E30BA1E00F60208 /* Sources */,
				D8D6C3C01E30BA1E00F60208 /* Frameworks */,
				D8D6C3C11E30BA1E00F60208 /* Resources */,
			);
			buildRules = (
			);
			dependencies = (
				D8D6C3C51E30BA1E00F60208 /* PBXTargetDependency */,
			);
			name = VGParallaxHeaderUITests;
			productName = VGParallaxHeaderUITests;
			productReference = D8D6C3C31E30BA1E00F60208 /* VGParallaxHeaderUITests.xctest */;
			productType = "com.apple.product-type.bundle.ui-testing";
		};
/* End PBXNativeTarget section */

/* Begin PBXProject section */
		D8D6C3A71E30BA1E00F60208 /* Project object */ = {
			isa = PBXProject;
			attributes = {
				LastSwiftUpdateCheck = 0820;
				LastUpgradeCheck = 0820;
				ORGANIZATIONNAME = "伯驹 黄";
				TargetAttributes = {
					D8D6C3AE1E30BA1E00F60208 = {
						CreatedOnToolsVersion = 8.2.1;
						ProvisioningStyle = Automatic;
					};
					D8D6C3C21E30BA1E00F60208 = {
						CreatedOnToolsVersion = 8.2.1;
						ProvisioningStyle = Automatic;
						TestTargetID = D8D6C3AE1E30BA1E00F60208;
					};
				};
			};
			buildConfigurationList = D8D6C3AA1E30BA1E00F60208 /* Build configuration list for PBXProject "VGParallaxHeader" */;
			compatibilityVersion = "Xcode 3.2";
			developmentRegion = English;
			hasScannedForEncodings = 0;
			knownRegions = (
				en,
				Base,
			);
			mainGroup = D8D6C3A61E30BA1E00F60208;
			productRefGroup = D8D6C3B01E30BA1E00F60208 /* Products */;
			projectDirPath = "";
			projectRoot = "";
			targets = (
				D8D6C3AE1E30BA1E00F60208 /* VGParallaxHeader */,
				D8D6C3C21E30BA1E00F60208 /* VGParallaxHeaderUITests */,
			);
		};
/* End PBXProject section */

/* Begin PBXResourcesBuildPhase section */
		D8D6C3AD1E30BA1E00F60208 /* Resources */ = {
			isa = PBXResourcesBuildPhase;
			buildActionMask = 2147483647;
			files = (
				D8D6C3BD1E30BA1E00F60208 /* LaunchScreen.storyboard in Resources */,
				D8D6C3BA1E30BA1E00F60208 /* Assets.xcassets in Resources */,
				D8D6C3B81E30BA1E00F60208 /* Main.storyboard in Resources */,
			);
			runOnlyForDeploymentPostprocessing = 0;
		};
		D8D6C3C11E30BA1E00F60208 /* Resources */ = {
			isa = PBXResourcesBuildPhase;
			buildActionMask = 2147483647;
			files = (
			);
			runOnlyForDeploymentPostprocessing = 0;
		};
/* End PBXResourcesBuildPhase section */

/* Begin PBXSourcesBuildPhase section */
		D8D6C3AB1E30BA1E00F60208 /* Sources */ = {
			isa = PBXSourcesBuildPhase;
			buildActionMask = 2147483647;
			files = (
				D8D6C3B51E30BA1E00F60208 /* ViewController.swift in Sources */,
				D8F48CB01E31E47A006206CC /* HeaderView.swift in Sources */,
				D8125B1F1E31FE3800FE210A /* FourthController.swift in Sources */,
				D8D6C3B31E30BA1E00F60208 /* AppDelegate.swift in Sources */,
				D8F48CAC1E30C063006206CC /* ArrayDataSource.swift in Sources */,
				D8D6C3D41E30BA3600F60208 /* VGParallaxHeader.swift in Sources */,
				D8125B1B1E31F07400FE210A /* UIColor+CrossFade.m in Sources */,
				D8F48CAE1E31E32C006206CC /* SecondController.swift in Sources */,
				D8125B1D1E31F1FD00FE210A /* ThirdController.swift in Sources */,
			);
			runOnlyForDeploymentPostprocessing = 0;
		};
		D8D6C3BF1E30BA1E00F60208 /* Sources */ = {
			isa = PBXSourcesBuildPhase;
			buildActionMask = 2147483647;
			files = (
				D8D6C3C81E30BA1E00F60208 /* VGParallaxHeaderUITests.swift in Sources */,
			);
			runOnlyForDeploymentPostprocessing = 0;
		};
/* End PBXSourcesBuildPhase section */

/* Begin PBXTargetDependency section */
		D8D6C3C51E30BA1E00F60208 /* PBXTargetDependency */ = {
			isa = PBXTargetDependency;
			target = D8D6C3AE1E30BA1E00F60208 /* VGParallaxHeader */;
			targetProxy = D8D6C3C41E30BA1E00F60208 /* PBXContainerItemProxy */;
		};
/* End PBXTargetDependency section */

/* Begin PBXVariantGroup section */
		D8D6C3B61E30BA1E00F60208 /* Main.storyboard */ = {
			isa = PBXVariantGroup;
			children = (
				D8D6C3B71E30BA1E00F60208 /* Base */,
			);
			name = Main.storyboard;
			sourceTree = "<group>";
		};
		D8D6C3BB1E30BA1E00F60208 /* LaunchScreen.storyboard */ = {
			isa = PBXVariantGroup;
			children = (
				D8D6C3BC1E30BA1E00F60208 /* Base */,
			);
			name = LaunchScreen.storyboard;
			sourceTree = "<group>";
		};
/* End PBXVariantGroup section */

/* Begin XCBuildConfiguration section */
		D8D6C3CA1E30BA1E00F60208 /* Debug */ = {
			isa = XCBuildConfiguration;
			buildSettings = {
				ALWAYS_SEARCH_USER_PATHS = NO;
				CLANG_ANALYZER_NONNULL = YES;
				CLANG_CXX_LANGUAGE_STANDARD = "gnu++0x";
				CLANG_CXX_LIBRARY = "libc++";
				CLANG_ENABLE_MODULES = YES;
				CLANG_ENABLE_OBJC_ARC = YES;
				CLANG_WARN_BOOL_CONVERSION = YES;
				CLANG_WARN_CONSTANT_CONVERSION = YES;
				CLANG_WARN_DIRECT_OBJC_ISA_USAGE = YES_ERROR;
				CLANG_WARN_DOCUMENTATION_COMMENTS = YES;
				CLANG_WARN_EMPTY_BODY = YES;
				CLANG_WARN_ENUM_CONVERSION = YES;
				CLANG_WARN_INFINITE_RECURSION = YES;
				CLANG_WARN_INT_CONVERSION = YES;
				CLANG_WARN_OBJC_ROOT_CLASS = YES_ERROR;
				CLANG_WARN_SUSPICIOUS_MOVE = YES;
				CLANG_WARN_UNREACHABLE_CODE = YES;
				CLANG_WARN__DUPLICATE_METHOD_MATCH = YES;
				"CODE_SIGN_IDENTITY[sdk=iphoneos*]" = "iPhone Developer";
				COPY_PHASE_STRIP = NO;
				DEBUG_INFORMATION_FORMAT = dwarf;
				ENABLE_STRICT_OBJC_MSGSEND = YES;
				ENABLE_TESTABILITY = YES;
				GCC_C_LANGUAGE_STANDARD = gnu99;
				GCC_DYNAMIC_NO_PIC = NO;
				GCC_NO_COMMON_BLOCKS = YES;
				GCC_OPTIMIZATION_LEVEL = 0;
				GCC_PREPROCESSOR_DEFINITIONS = (
					"DEBUG=1",
					"$(inherited)",
				);
				GCC_WARN_64_TO_32_BIT_CONVERSION = YES;
				GCC_WARN_ABOUT_RETURN_TYPE = YES_ERROR;
				GCC_WARN_UNDECLARED_SELECTOR = YES;
				GCC_WARN_UNINITIALIZED_AUTOS = YES_AGGRESSIVE;
				GCC_WARN_UNUSED_FUNCTION = YES;
				GCC_WARN_UNUSED_VARIABLE = YES;
				IPHONEOS_DEPLOYMENT_TARGET = 10.2;
				MTL_ENABLE_DEBUG_INFO = YES;
				ONLY_ACTIVE_ARCH = YES;
				SDKROOT = iphoneos;
				SWIFT_ACTIVE_COMPILATION_CONDITIONS = DEBUG;
				SWIFT_OPTIMIZATION_LEVEL = "-Onone";
			};
			name = Debug;
		};
		D8D6C3CB1E30BA1E00F60208 /* Release */ = {
			isa = XCBuildConfiguration;
			buildSettings = {
				ALWAYS_SEARCH_USER_PATHS = NO;
				CLANG_ANALYZER_NONNULL = YES;
				CLANG_CXX_LANGUAGE_STANDARD = "gnu++0x";
				CLANG_CXX_LIBRARY = "libc++";
				CLANG_ENABLE_MODULES = YES;
				CLANG_ENABLE_OBJC_ARC = YES;
				CLANG_WARN_BOOL_CONVERSION = YES;
				CLANG_WARN_CONSTANT_CONVERSION = YES;
				CLANG_WARN_DIRECT_OBJC_ISA_USAGE = YES_ERROR;
				CLANG_WARN_DOCUMENTATION_COMMENTS = YES;
				CLANG_WARN_EMPTY_BODY = YES;
				CLANG_WARN_ENUM_CONVERSION = YES;
				CLANG_WARN_INFINITE_RECURSION = YES;
				CLANG_WARN_INT_CONVERSION = YES;
				CLANG_WARN_OBJC_ROOT_CLASS = YES_ERROR;
				CLANG_WARN_SUSPICIOUS_MOVE = YES;
				CLANG_WARN_UNREACHABLE_CODE = YES;
				CLANG_WARN__DUPLICATE_METHOD_MATCH = YES;
				"CODE_SIGN_IDENTITY[sdk=iphoneos*]" = "iPhone Developer";
				COPY_PHASE_STRIP = NO;
				DEBUG_INFORMATION_FORMAT = "dwarf-with-dsym";
				ENABLE_NS_ASSERTIONS = NO;
				ENABLE_STRICT_OBJC_MSGSEND = YES;
				GCC_C_LANGUAGE_STANDARD = gnu99;
				GCC_NO_COMMON_BLOCKS = YES;
				GCC_WARN_64_TO_32_BIT_CONVERSION = YES;
				GCC_WARN_ABOUT_RETURN_TYPE = YES_ERROR;
				GCC_WARN_UNDECLARED_SELECTOR = YES;
				GCC_WARN_UNINITIALIZED_AUTOS = YES_AGGRESSIVE;
				GCC_WARN_UNUSED_FUNCTION = YES;
				GCC_WARN_UNUSED_VARIABLE = YES;
				IPHONEOS_DEPLOYMENT_TARGET = 10.2;
				MTL_ENABLE_DEBUG_INFO = NO;
				SDKROOT = iphoneos;
				SWIFT_OPTIMIZATION_LEVEL = "-Owholemodule";
				VALIDATE_PRODUCT = YES;
			};
			name = Release;
		};
		D8D6C3CD1E30BA1E00F60208 /* Debug */ = {
			isa = XCBuildConfiguration;
			buildSettings = {
				ASSETCATALOG_COMPILER_APPICON_NAME = AppIcon;
				FRAMEWORK_SEARCH_PATHS = (
					"$(inherited)",
					"$(PROJECT_DIR)/Carthage/Build/iOS",
				);
				INFOPLIST_FILE = VGParallaxHeader/Info.plist;
				IPHONEOS_DEPLOYMENT_TARGET = 8.0;
				LD_RUNPATH_SEARCH_PATHS = "$(inherited) @executable_path/Frameworks";
				PRODUCT_BUNDLE_IDENTIFIER = com.huangboju.VGParallaxHeader;
				PRODUCT_NAME = "$(TARGET_NAME)";
				SWIFT_OBJC_BRIDGING_HEADER = VGParallaxHeader/Bridging.h;
				SWIFT_VERSION = 3.0;
			};
			name = Debug;
		};
		D8D6C3CE1E30BA1E00F60208 /* Release */ = {
			isa = XCBuildConfiguration;
			buildSettings = {
				ASSETCATALOG_COMPILER_APPICON_NAME = AppIcon;
				FRAMEWORK_SEARCH_PATHS = (
					"$(inherited)",
					"$(PROJECT_DIR)/Carthage/Build/iOS",
				);
				INFOPLIST_FILE = VGParallaxHeader/Info.plist;
				IPHONEOS_DEPLOYMENT_TARGET = 8.0;
				LD_RUNPATH_SEARCH_PATHS = "$(inherited) @executable_path/Frameworks";
				PRODUCT_BUNDLE_IDENTIFIER = com.huangboju.VGParallaxHeader;
				PRODUCT_NAME = "$(TARGET_NAME)";
				SWIFT_OBJC_BRIDGING_HEADER = VGParallaxHeader/Bridging.h;
				SWIFT_VERSION = 3.0;
			};
			name = Release;
		};
		D8D6C3D01E30BA1E00F60208 /* Debug */ = {
			isa = XCBuildConfiguration;
			buildSettings = {
				ALWAYS_EMBED_SWIFT_STANDARD_LIBRARIES = YES;
				INFOPLIST_FILE = VGParallaxHeaderUITests/Info.plist;
				LD_RUNPATH_SEARCH_PATHS = "$(inherited) @executable_path/Frameworks @loader_path/Frameworks";
				PRODUCT_BUNDLE_IDENTIFIER = com.huangboju.VGParallaxHeaderUITests;
				PRODUCT_NAME = "$(TARGET_NAME)";
				SWIFT_VERSION = 3.0;
				TEST_TARGET_NAME = VGParallaxHeader;
			};
			name = Debug;
		};
		D8D6C3D11E30BA1E00F60208 /* Release */ = {
			isa = XCBuildConfiguration;
			buildSettings = {
				ALWAYS_EMBED_SWIFT_STANDARD_LIBRARIES = YES;
				INFOPLIST_FILE = VGParallaxHeaderUITests/Info.plist;
				LD_RUNPATH_SEARCH_PATHS = "$(inherited) @executable_path/Frameworks @loader_path/Frameworks";
				PRODUCT_BUNDLE_IDENTIFIER = com.huangboju.VGParallaxHeaderUITests;
				PRODUCT_NAME = "$(TARGET_NAME)";
				SWIFT_VERSION = 3.0;
				TEST_TARGET_NAME = VGParallaxHeader;
			};
			name = Release;
		};
/* End XCBuildConfiguration section */

/* Begin XCConfigurationList section */
		D8D6C3AA1E30BA1E00F60208 /* Build configuration list for PBXProject "VGParallaxHeader" */ = {
			isa = XCConfigurationList;
			buildConfigurations = (
				D8D6C3CA1E30BA1E00F60208 /* Debug */,
				D8D6C3CB1E30BA1E00F60208 /* Release */,
			);
			defaultConfigurationIsVisible = 0;
			defaultConfigurationName = Release;
		};
		D8D6C3CC1E30BA1E00F60208 /* Build configuration list for PBXNativeTarget "VGParallaxHeader" */ = {
			isa = XCConfigurationList;
			buildConfigurations = (
				D8D6C3CD1E30BA1E00F60208 /* Debug */,
				D8D6C3CE1E30BA1E00F60208 /* Release */,
			);
			defaultConfigurationIsVisible = 0;
			defaultConfigurationName = Release;
		};
		D8D6C3CF1E30BA1E00F60208 /* Build configuration list for PBXNativeTarget "VGParallaxHeaderUITests" */ = {
			isa = XCConfigurationList;
			buildConfigurations = (
				D8D6C3D01E30BA1E00F60208 /* Debug */,
				D8D6C3D11E30BA1E00F60208 /* Release */,
			);
			defaultConfigurationIsVisible = 0;
			defaultConfigurationName = Release;
		};
/* End XCConfigurationList section */
	};
	rootObject = D8D6C3A71E30BA1E00F60208 /* Project object */;
}
